
Microsoft Visual Studio Solution File, Format Version 12.00
# Visual Studio 15
VisualStudioVersion = 15.0.27130.2003
MinimumVisualStudioVersion = 10.0.40219.1
Project("{FAE04EC0-301F-11D3-BF4B-00C04F79EFBC}") = "PowershapeLab1", "PowershapeLab1\PowershapeLab1.csproj", "{C883BBE4-C1FF-44CB-8CBD-7A3A9E032C86}"
EndProject
Global
	GlobalSection(SolutionConfigurationPlatforms) = preSolution
		Debug|Any CPU = Debug|Any CPU
		Release|Any CPU = Release|Any CPU
	EndGlobalSection
	GlobalSection(ProjectConfigurationPlatforms) = postSolution
		{C883BBE4-C1FF-44CB-8CBD-7A3A9E032C86}.Debug|Any CPU.ActiveCfg = Debug|Any CPU
		{C883BBE4-C1FF-44CB-8CBD-7A3A9E032C86}.Debug|Any CPU.Build.0 = Debug|Any CPU
		{C883BBE4-C1FF-44CB-8CBD-7A3A9E032C86}.Release|Any CPU.ActiveCfg = Release|Any CPU
		{C883BBE4-C1FF-44CB-8CBD-7A3A9E032C86}.Release|Any CPU.Build.0 = Release|Any CPU
	EndGlobalSection
	GlobalSection(SolutionProperties) = preSolution
		HideSolutionNode = FALSE
	EndGlobalSection
	GlobalSection(ExtensibilityGlobals) = postSolution
		SolutionGuid = {CAB790EE-5BCB-4C52-BD22-2F699D7515CB}
	EndGlobalSection
EndGlobal
